
Microsoft Visual Studio Solution File, Format Version 12.00
# Visual Studio Version 17
VisualStudioVersion = 17.14.36301.6 d17.14
MinimumVisualStudioVersion = 10.0.40219.1
Project("{FAE04EC0-301F-11D3-BF4B-00C04F79EFBC}") = "BridgeVueApp", "BridgeVueApp\BridgeVueApp.csproj", "{68130A10-9C77-48B1-B05B-C8CB2A465320}"
EndProject
Global
	GlobalSection(SolutionConfigurationPlatforms) = preSolution
		Debug|Any CPU = Debug|Any CPU
		Release|Any CPU = Release|Any CPU
	EndGlobalSection
	GlobalSection(ProjectConfigurationPlatforms) = postSolution
		{68130A10-9C77-48B1-B05B-C8CB2A465320}.Debug|Any CPU.ActiveCfg = Debug|Any CPU
		{68130A10-9C77-48B1-B05B-C8CB2A465320}.Debug|Any CPU.Build.0 = Debug|Any CPU
		{68130A10-9C77-48B1-B05B-C8CB2A465320}.Release|Any CPU.ActiveCfg = Release|Any CPU
		{68130A10-9C77-48B1-B05B-C8CB2A465320}.Release|Any CPU.Build.0 = Release|Any CPU
	EndGlobalSection
	GlobalSection(SolutionProperties) = preSolution
		HideSolutionNode = FALSE
	EndGlobalSection
	GlobalSection(ExtensibilityGlobals) = postSolution
		SolutionGuid = {3DD3148E-F8DD-44FD-B148-E80F88501CD5}
	EndGlobalSection
EndGlobal
